
Microsoft Visual Studio Solution File, Format Version 12.00
# Visual Studio 15
VisualStudioVersion = 15.0.28307.421
MinimumVisualStudioVersion = 10.0.40219.1
Project("{FAE04EC0-301F-11D3-BF4B-00C04F79EFBC}") = "AutomateOpenGraph", "AutomateOpenGraph\AutomateOpenGraph.csproj", "{30B75CB3-34C8-40D4-911B-51EB2A3267BA}"
EndProject
Global
	GlobalSection(SolutionConfigurationPlatforms) = preSolution
		Debug|Any CPU = Debug|Any CPU
		Release|Any CPU = Release|Any CPU
	EndGlobalSection
	GlobalSection(ProjectConfigurationPlatforms) = postSolution
		{30B75CB3-34C8-40D4-911B-51EB2A3267BA}.Debug|Any CPU.ActiveCfg = Debug|Any CPU
		{30B75CB3-34C8-40D4-911B-51EB2A3267BA}.Debug|Any CPU.Build.0 = Debug|Any CPU
		{30B75CB3-34C8-40D4-911B-51EB2A3267BA}.Release|Any CPU.ActiveCfg = Release|Any CPU
		{30B75CB3-34C8-40D4-911B-51EB2A3267BA}.Release|Any CPU.Build.0 = Release|Any CPU
	EndGlobalSection
	GlobalSection(SolutionProperties) = preSolution
		HideSolutionNode = FALSE
	EndGlobalSection
	GlobalSection(ExtensibilityGlobals) = postSolution
		SolutionGuid = {E9F466AE-B55D-4B88-A080-FBEEA5EE10FA}
	EndGlobalSection
EndGlobal
